
Microsoft Visual Studio Solution File, Format Version 12.00
# Visual Studio Version 17
VisualStudioVersion = 17.14.36401.2 d17.14
MinimumVisualStudioVersion = 10.0.40219.1
Project("{FAE04EC0-301F-11D3-BF4B-00C04F79EFBC}") = "FrontEndSDP", "FrontEndSDP\FrontEndSDP.csproj", "{B4F0AE8C-1FE5-4A96-B878-4CE66C384B4F}"
EndProject
Project("{FAE04EC0-301F-11D3-BF4B-00C04F79EFBC}") = "AppBlazorSDP.Entities", "AppBlazorSDP.Entities\AppBlazorSDP.Entities.csproj", "{4D46C777-903F-47AB-BFCE-26745DC2E75A}"
EndProject
Project("{FAE04EC0-301F-11D3-BF4B-00C04F79EFBC}") = "AppBlazorSDPTEST", "AppBlazorSDPTEST\AppBlazorSDPTEST.csproj", "{DE355896-D515-46F3-8897-7D69F7AC0BB6}"
EndProject
Global
	GlobalSection(SolutionConfigurationPlatforms) = preSolution
		Debug|Any CPU = Debug|Any CPU
		Release|Any CPU = Release|Any CPU
	EndGlobalSection
	GlobalSection(ProjectConfigurationPlatforms) = postSolution
		{B4F0AE8C-1FE5-4A96-B878-4CE66C384B4F}.Debug|Any CPU.ActiveCfg = Debug|Any CPU
		{B4F0AE8C-1FE5-4A96-B878-4CE66C384B4F}.Debug|Any CPU.Build.0 = Debug|Any CPU
		{B4F0AE8C-1FE5-4A96-B878-4CE66C384B4F}.Release|Any CPU.ActiveCfg = Release|Any CPU
		{B4F0AE8C-1FE5-4A96-B878-4CE66C384B4F}.Release|Any CPU.Build.0 = Release|Any CPU
		{4D46C777-903F-47AB-BFCE-26745DC2E75A}.Debug|Any CPU.ActiveCfg = Debug|Any CPU
		{4D46C777-903F-47AB-BFCE-26745DC2E75A}.Debug|Any CPU.Build.0 = Debug|Any CPU
		{4D46C777-903F-47AB-BFCE-26745DC2E75A}.Release|Any CPU.ActiveCfg = Release|Any CPU
		{4D46C777-903F-47AB-BFCE-26745DC2E75A}.Release|Any CPU.Build.0 = Release|Any CPU
		{DE355896-D515-46F3-8897-7D69F7AC0BB6}.Debug|Any CPU.ActiveCfg = Debug|Any CPU
		{DE355896-D515-46F3-8897-7D69F7AC0BB6}.Debug|Any CPU.Build.0 = Debug|Any CPU
		{DE355896-D515-46F3-8897-7D69F7AC0BB6}.Release|Any CPU.ActiveCfg = Release|Any CPU
		{DE355896-D515-46F3-8897-7D69F7AC0BB6}.Release|Any CPU.Build.0 = Release|Any CPU
	EndGlobalSection
	GlobalSection(SolutionProperties) = preSolution
		HideSolutionNode = FALSE
	EndGlobalSection
	GlobalSection(ExtensibilityGlobals) = postSolution
		SolutionGuid = {4F2EDC6B-1ACD-479A-B62A-C9D0943916D6}
	EndGlobalSection
EndGlobal
